// !$*UTF8*$!
{
	archiveVersion = 1;
	classes = {
	};
	objectVersion = 56;
	objects = {

/* Begin PBXBuildFile section */
		A10000010000000000000001 /* DesktopNumberApp.swift in Sources */ = {isa = PBXBuildFile; fileRef = A10000020000000000000001 /* DesktopNumberApp.swift */; };
		A10000010000000000000002 /* SpaceObserver.swift in Sources */ = {isa = PBXBuildFile; fileRef = A10000020000000000000002 /* SpaceObserver.swift */; };
		A10000010000000000000003 /* CGSPrivate.swift in Sources */ = {isa = PBXBuildFile; fileRef = A10000020000000000000003 /* CGSPrivate.swift */; };
		A10000010000000000000004 /* UsageModels.swift in Sources */ = {isa = PBXBuildFile; fileRef = A10000020000000000000005 /* UsageModels.swift */; };
		A10000010000000000000005 /* UsageFormatting.swift in Sources */ = {isa = PBXBuildFile; fileRef = A10000020000000000000006 /* UsageFormatting.swift */; };
		A10000010000000000000006 /* CursorAuthReader.swift in Sources */ = {isa = PBXBuildFile; fileRef = A10000020000000000000007 /* CursorAuthReader.swift */; };
		A10000010000000000000007 /* CursorUsageClient.swift in Sources */ = {isa = PBXBuildFile; fileRef = A10000020000000000000008 /* CursorUsageClient.swift */; };
		A10000010000000000000008 /* CursorUsageObserver.swift in Sources */ = {isa = PBXBuildFile; fileRef = A10000020000000000000009 /* CursorUsageObserver.swift */; };
		A10000010000000000000009 /* libsqlite3.tbd in Frameworks */ = {isa = PBXBuildFile; fileRef = A1000002000000000000000A /* libsqlite3.tbd */; };
		C10000010000000000000001 /* CommandExecutor.swift in Sources */ = {isa = PBXBuildFile; fileRef = C10000020000000000000001 /* CommandExecutor.swift */; };
		C10000010000000000000002 /* PmsetParser.swift in Sources */ = {isa = PBXBuildFile; fileRef = C10000020000000000000002 /* PmsetParser.swift */; };
		C10000010000000000000003 /* OfficePowerStatus.swift in Sources */ = {isa = PBXBuildFile; fileRef = C10000020000000000000003 /* OfficePowerStatus.swift */; };
		C10000010000000000000004 /* PowerStatusMonitor.swift in Sources */ = {isa = PBXBuildFile; fileRef = C10000020000000000000004 /* PowerStatusMonitor.swift */; };
		C10000010000000000000005 /* PowerManagementClient.swift in Sources */ = {isa = PBXBuildFile; fileRef = C10000020000000000000005 /* PowerManagementClient.swift */; };
		C10000010000000000000006 /* CommuteModeLease.swift in Sources */ = {isa = PBXBuildFile; fileRef = C10000020000000000000006 /* CommuteModeLease.swift */; };
		C10000010000000000000007 /* CommuteFailsafeRunner.swift in Sources */ = {isa = PBXBuildFile; fileRef = C10000020000000000000007 /* CommuteFailsafeRunner.swift */; };
		C10000010000000000000008 /* CommuteModeController.swift in Sources */ = {isa = PBXBuildFile; fileRef = C10000020000000000000008 /* CommuteModeController.swift */; };
		C10000010000000000000009 /* CommuteFailsafePolicy.swift in Sources */ = {isa = PBXBuildFile; fileRef = C10000020000000000000009 /* CommuteFailsafePolicy.swift */; };
		C10000010000000000000010 /* CommutePermissionInstaller.swift in Sources */ = {isa = PBXBuildFile; fileRef = C10000020000000000000010 /* CommutePermissionInstaller.swift */; };
		D10000010000000000000001 /* CommuteFailsafe.swift in Sources */ = {isa = PBXBuildFile; fileRef = D10000020000000000000001 /* CommuteFailsafe.swift */; };
		D10000010000000000000002 /* CommandExecutor.swift in Sources */ = {isa = PBXBuildFile; fileRef = C10000020000000000000001 /* CommandExecutor.swift */; };
		D10000010000000000000003 /* PmsetParser.swift in Sources */ = {isa = PBXBuildFile; fileRef = C10000020000000000000002 /* PmsetParser.swift */; };
		D10000010000000000000004 /* OfficePowerStatus.swift in Sources */ = {isa = PBXBuildFile; fileRef = C10000020000000000000003 /* OfficePowerStatus.swift */; };
		D10000010000000000000005 /* PowerStatusMonitor.swift in Sources */ = {isa = PBXBuildFile; fileRef = C10000020000000000000004 /* PowerStatusMonitor.swift */; };
		D10000010000000000000006 /* PowerManagementClient.swift in Sources */ = {isa = PBXBuildFile; fileRef = C10000020000000000000005 /* PowerManagementClient.swift */; };
		D10000010000000000000007 /* CommuteModeLease.swift in Sources */ = {isa = PBXBuildFile; fileRef = C10000020000000000000006 /* CommuteModeLease.swift */; };
		D10000010000000000000008 /* CommuteFailsafePolicy.swift in Sources */ = {isa = PBXBuildFile; fileRef = C10000020000000000000009 /* CommuteFailsafePolicy.swift */; };
		F10000010000000000000001 /* CommuteFailsafe in Copy Files */ = {isa = PBXBuildFile; fileRef = D10000030000000000000001 /* CommuteFailsafe */; settings = {ATTRIBUTES = (CodeSignOnCopy, ); }; };
		B10000010000000000000001 /* UsageFormattingTests.swift in Sources */ = {isa = PBXBuildFile; fileRef = B10000020000000000000001 /* UsageFormattingTests.swift */; };
		B10000010000000000000002 /* CursorAuthReaderTests.swift in Sources */ = {isa = PBXBuildFile; fileRef = B10000020000000000000002 /* CursorAuthReaderTests.swift */; };
		B10000010000000000000003 /* CursorUsageParsingTests.swift in Sources */ = {isa = PBXBuildFile; fileRef = B10000020000000000000003 /* CursorUsageParsingTests.swift */; };
		B10000010000000000000004 /* PmsetParsingTests.swift in Sources */ = {isa = PBXBuildFile; fileRef = B10000020000000000000004 /* PmsetParsingTests.swift */; };
		B10000010000000000000005 /* CommuteFailsafePolicyTests.swift in Sources */ = {isa = PBXBuildFile; fileRef = B10000020000000000000005 /* CommuteFailsafePolicyTests.swift */; };
		B10000010000000000000006 /* CommuteModeControllerTests.swift in Sources */ = {isa = PBXBuildFile; fileRef = B10000020000000000000006 /* CommuteModeControllerTests.swift */; };
		B10000010000000000000007 /* CommutePermissionInstallerTests.swift in Sources */ = {isa = PBXBuildFile; fileRef = B10000020000000000000007 /* CommutePermissionInstallerTests.swift */; };
		E10000010000000000000001 /* CursorNotifySettings.swift in Sources */ = {isa = PBXBuildFile; fileRef = E10000020000000000000001 /* CursorNotifySettings.swift */; };
		E10000010000000000000002 /* CursorNotifySettingsTests.swift in Sources */ = {isa = PBXBuildFile; fileRef = E10000020000000000000002 /* CursorNotifySettingsTests.swift */; };
		E10000010000000000000003 /* CursorNotifyInstaller.swift in Sources */ = {isa = PBXBuildFile; fileRef = E10000020000000000000003 /* CursorNotifyInstaller.swift */; };
		E10000010000000000000004 /* CursorNotifyInstallerTests.swift in Sources */ = {isa = PBXBuildFile; fileRef = E10000020000000000000004 /* CursorNotifyInstallerTests.swift */; };
		E10000010000000000000005 /* CursorApprovalLogParser.swift in Sources */ = {isa = PBXBuildFile; fileRef = E10000020000000000000005 /* CursorApprovalLogParser.swift */; };
		E10000010000000000000006 /* CursorNtfyClient.swift in Sources */ = {isa = PBXBuildFile; fileRef = E10000020000000000000006 /* CursorNtfyClient.swift */; };
		E10000010000000000000007 /* CursorApprovalMonitor.swift in Sources */ = {isa = PBXBuildFile; fileRef = E10000020000000000000007 /* CursorApprovalMonitor.swift */; };
		E10000010000000000000008 /* CursorApprovalLogParserTests.swift in Sources */ = {isa = PBXBuildFile; fileRef = E10000020000000000000008 /* CursorApprovalLogParserTests.swift */; };
		E10000010000000000000009 /* CursorApprovalMonitorTests.swift in Sources */ = {isa = PBXBuildFile; fileRef = E10000020000000000000009 /* CursorApprovalMonitorTests.swift */; };
		H10000010000000000000001 /* MenuBarContentView.swift in Sources */ = {isa = PBXBuildFile; fileRef = H10000020000000000000001 /* MenuBarContentView.swift */; };
/* End PBXBuildFile section */

/* Begin PBXContainerItemProxy section */
		B10000040000000000000001 /* PBXContainerItemProxy */ = {
			isa = PBXContainerItemProxy;
			containerPortal = A10000080000000000000001 /* Project object */;
			proxyType = 1;
			remoteGlobalIDString = A10000060000000000000001;
			remoteInfo = DesktopNumber;
		};
		D10000040000000000000001 /* PBXContainerItemProxy */ = {
			isa = PBXContainerItemProxy;
			containerPortal = A10000080000000000000001 /* Project object */;
			proxyType = 1;
			remoteGlobalIDString = D10000060000000000000001;
			remoteInfo = CommuteFailsafe;
		};
/* End PBXContainerItemProxy section */

/* Begin PBXCopyFilesBuildPhase section */
		F10000080000000000000001 /* Copy Files */ = {
			isa = PBXCopyFilesBuildPhase;
			buildActionMask = 2147483647;
			dstPath = "";
			dstSubfolderSpec = 6;
			files = (
				F10000010000000000000001 /* CommuteFailsafe in Copy Files */,
			);
			runOnlyForDeploymentPostprocessing = 0;
		};
/* End PBXCopyFilesBuildPhase section */

/* Begin PBXShellScriptBuildPhase section */
		F10000090000000000000001 /* Copy Cursor Hooks */ = {
			isa = PBXShellScriptBuildPhase;
			buildActionMask = 2147483647;
			files = (
			);
			inputPaths = (
				"$(SRCROOT)/cursor-hooks/notify-ntfy.sh",
				"$(SRCROOT)/cursor-hooks/on-stop.sh",
				"$(SRCROOT)/cursor-hooks/notify.env.example",
			);
			name = "Copy Cursor Hooks";
			outputPaths = (
				"$(TARGET_BUILD_DIR)/$(UNLOCALIZED_RESOURCES_FOLDER_PATH)/CursorHooks/notify-ntfy.sh",
				"$(TARGET_BUILD_DIR)/$(UNLOCALIZED_RESOURCES_FOLDER_PATH)/CursorHooks/on-stop.sh",
				"$(TARGET_BUILD_DIR)/$(UNLOCALIZED_RESOURCES_FOLDER_PATH)/CursorHooks/notify.env.example",
			);
			runOnlyForDeploymentPostprocessing = 0;
			shellPath = /bin/sh;
			shellScript = "set -e\nDST=\"${TARGET_BUILD_DIR}/${UNLOCALIZED_RESOURCES_FOLDER_PATH}/CursorHooks\"\nmkdir -p \"$DST\"\ncp \"${SRCROOT}/cursor-hooks/notify-ntfy.sh\" \\\n   \"${SRCROOT}/cursor-hooks/on-stop.sh\" \\\n   \"${SRCROOT}/cursor-hooks/notify.env.example\" \\\n   \"$DST/\"\n";
		};
		F10000090000000000000002 /* Copy Commute Scripts */ = {
			isa = PBXShellScriptBuildPhase;
			buildActionMask = 2147483647;
			files = (
			);
			inputPaths = (
				"$(SRCROOT)/scripts/install-commute-permission.sh",
			);
			name = "Copy Commute Scripts";
			outputPaths = (
				"$(TARGET_BUILD_DIR)/$(UNLOCALIZED_RESOURCES_FOLDER_PATH)/CommuteScripts/install-commute-permission.sh",
			);
			runOnlyForDeploymentPostprocessing = 0;
			shellPath = /bin/sh;
			shellScript = "set -e\nDST=\"${TARGET_BUILD_DIR}/${UNLOCALIZED_RESOURCES_FOLDER_PATH}/CommuteScripts\"\nmkdir -p \"$DST\"\ncp \"${SRCROOT}/scripts/install-commute-permission.sh\" \"$DST/\"\nchmod 755 \"$DST/install-commute-permission.sh\"\n";
		};
/* End PBXShellScriptBuildPhase section */

/* Begin PBXFileReference section */
		A10000020000000000000001 /* DesktopNumberApp.swift */ = {isa = PBXFileReference; lastKnownFileType = sourcecode.swift; path = DesktopNumberApp.swift; sourceTree = "<group>"; };
		H10000020000000000000001 /* MenuBarContentView.swift */ = {isa = PBXFileReference; lastKnownFileType = sourcecode.swift; path = MenuBarContentView.swift; sourceTree = "<group>"; };
		A10000020000000000000002 /* SpaceObserver.swift */ = {isa = PBXFileReference; lastKnownFileType = sourcecode.swift; path = SpaceObserver.swift; sourceTree = "<group>"; };
		A10000020000000000000003 /* CGSPrivate.swift */ = {isa = PBXFileReference; lastKnownFileType = sourcecode.swift; path = CGSPrivate.swift; sourceTree = "<group>"; };
		A10000020000000000000004 /* Info.plist */ = {isa = PBXFileReference; lastKnownFileType = text.plist.xml; path = Info.plist; sourceTree = "<group>"; };
		A10000020000000000000005 /* UsageModels.swift */ = {isa = PBXFileReference; lastKnownFileType = sourcecode.swift; path = UsageModels.swift; sourceTree = "<group>"; };
		A10000020000000000000006 /* UsageFormatting.swift */ = {isa = PBXFileReference; lastKnownFileType = sourcecode.swift; path = UsageFormatting.swift; sourceTree = "<group>"; };
		A10000020000000000000007 /* CursorAuthReader.swift */ = {isa = PBXFileReference; lastKnownFileType = sourcecode.swift; path = CursorAuthReader.swift; sourceTree = "<group>"; };
		A10000020000000000000008 /* CursorUsageClient.swift */ = {isa = PBXFileReference; lastKnownFileType = sourcecode.swift; path = CursorUsageClient.swift; sourceTree = "<group>"; };
		A10000020000000000000009 /* CursorUsageObserver.swift */ = {isa = PBXFileReference; lastKnownFileType = sourcecode.swift; path = CursorUsageObserver.swift; sourceTree = "<group>"; };
		A1000002000000000000000A /* libsqlite3.tbd */ = {isa = PBXFileReference; lastKnownFileType = "sourcecode.text-based-dylib-definition"; name = libsqlite3.tbd; path = usr/lib/libsqlite3.tbd; sourceTree = SDKROOT; };
		A10000030000000000000001 /* DesktopNumber.app */ = {isa = PBXFileReference; explicitFileType = wrapper.application; includeInIndex = 0; path = DesktopNumber.app; sourceTree = BUILT_PRODUCTS_DIR; };
		C10000020000000000000001 /* CommandExecutor.swift */ = {isa = PBXFileReference; lastKnownFileType = sourcecode.swift; path = CommandExecutor.swift; sourceTree = "<group>"; };
		C10000020000000000000002 /* PmsetParser.swift */ = {isa = PBXFileReference; lastKnownFileType = sourcecode.swift; path = PmsetParser.swift; sourceTree = "<group>"; };
		C10000020000000000000003 /* OfficePowerStatus.swift */ = {isa = PBXFileReference; lastKnownFileType = sourcecode.swift; path = OfficePowerStatus.swift; sourceTree = "<group>"; };
		C10000020000000000000004 /* PowerStatusMonitor.swift */ = {isa = PBXFileReference; lastKnownFileType = sourcecode.swift; path = PowerStatusMonitor.swift; sourceTree = "<group>"; };
		C10000020000000000000005 /* PowerManagementClient.swift */ = {isa = PBXFileReference; lastKnownFileType = sourcecode.swift; path = PowerManagementClient.swift; sourceTree = "<group>"; };
		C10000020000000000000006 /* CommuteModeLease.swift */ = {isa = PBXFileReference; lastKnownFileType = sourcecode.swift; path = CommuteModeLease.swift; sourceTree = "<group>"; };
		C10000020000000000000007 /* CommuteFailsafeRunner.swift */ = {isa = PBXFileReference; lastKnownFileType = sourcecode.swift; path = CommuteFailsafeRunner.swift; sourceTree = "<group>"; };
		C10000020000000000000008 /* CommuteModeController.swift */ = {isa = PBXFileReference; lastKnownFileType = sourcecode.swift; path = CommuteModeController.swift; sourceTree = "<group>"; };
		C10000020000000000000009 /* CommuteFailsafePolicy.swift */ = {isa = PBXFileReference; lastKnownFileType = sourcecode.swift; path = CommuteFailsafePolicy.swift; sourceTree = "<group>"; };
		C10000020000000000000010 /* CommutePermissionInstaller.swift */ = {isa = PBXFileReference; lastKnownFileType = sourcecode.swift; path = CommutePermissionInstaller.swift; sourceTree = "<group>"; };
		D10000020000000000000001 /* CommuteFailsafe.swift */ = {isa = PBXFileReference; lastKnownFileType = sourcecode.swift; path = CommuteFailsafe.swift; sourceTree = "<group>"; };
		D10000030000000000000001 /* CommuteFailsafe */ = {isa = PBXFileReference; explicitFileType = "compiled.mach-o.executable"; includeInIndex = 0; path = CommuteFailsafe; sourceTree = BUILT_PRODUCTS_DIR; };
		B10000020000000000000001 /* UsageFormattingTests.swift */ = {isa = PBXFileReference; lastKnownFileType = sourcecode.swift; path = UsageFormattingTests.swift; sourceTree = "<group>"; };
		B10000020000000000000002 /* CursorAuthReaderTests.swift */ = {isa = PBXFileReference; lastKnownFileType = sourcecode.swift; path = CursorAuthReaderTests.swift; sourceTree = "<group>"; };
		B10000020000000000000003 /* CursorUsageParsingTests.swift */ = {isa = PBXFileReference; lastKnownFileType = sourcecode.swift; path = CursorUsageParsingTests.swift; sourceTree = "<group>"; };
		B10000020000000000000004 /* PmsetParsingTests.swift */ = {isa = PBXFileReference; lastKnownFileType = sourcecode.swift; path = PmsetParsingTests.swift; sourceTree = "<group>"; };
		B10000020000000000000005 /* CommuteFailsafePolicyTests.swift */ = {isa = PBXFileReference; lastKnownFileType = sourcecode.swift; path = CommuteFailsafePolicyTests.swift; sourceTree = "<group>"; };
		B10000020000000000000006 /* CommuteModeControllerTests.swift */ = {isa = PBXFileReference; lastKnownFileType = sourcecode.swift; path = CommuteModeControllerTests.swift; sourceTree = "<group>"; };
		B10000020000000000000007 /* CommutePermissionInstallerTests.swift */ = {isa = PBXFileReference; lastKnownFileType = sourcecode.swift; path = CommutePermissionInstallerTests.swift; sourceTree = "<group>"; };
		E10000020000000000000001 /* CursorNotifySettings.swift */ = {isa = PBXFileReference; lastKnownFileType = sourcecode.swift; path = CursorNotifySettings.swift; sourceTree = "<group>"; };
		E10000020000000000000002 /* CursorNotifySettingsTests.swift */ = {isa = PBXFileReference; lastKnownFileType = sourcecode.swift; path = CursorNotifySettingsTests.swift; sourceTree = "<group>"; };
		E10000020000000000000003 /* CursorNotifyInstaller.swift */ = {isa = PBXFileReference; lastKnownFileType = sourcecode.swift; path = CursorNotifyInstaller.swift; sourceTree = "<group>"; };
		E10000020000000000000004 /* CursorNotifyInstallerTests.swift */ = {isa = PBXFileReference; lastKnownFileType = sourcecode.swift; path = CursorNotifyInstallerTests.swift; sourceTree = "<group>"; };
		E10000020000000000000005 /* CursorApprovalLogParser.swift */ = {isa = PBXFileReference; lastKnownFileType = sourcecode.swift; path = CursorApprovalLogParser.swift; sourceTree = "<group>"; };
		E10000020000000000000006 /* CursorNtfyClient.swift */ = {isa = PBXFileReference; lastKnownFileType = sourcecode.swift; path = CursorNtfyClient.swift; sourceTree = "<group>"; };
		E10000020000000000000007 /* CursorApprovalMonitor.swift */ = {isa = PBXFileReference; lastKnownFileType = sourcecode.swift; path = CursorApprovalMonitor.swift; sourceTree = "<group>"; };
		E10000020000000000000008 /* CursorApprovalLogParserTests.swift */ = {isa = PBXFileReference; lastKnownFileType = sourcecode.swift; path = CursorApprovalLogParserTests.swift; sourceTree = "<group>"; };
		E10000020000000000000009 /* CursorApprovalMonitorTests.swift */ = {isa = PBXFileReference; lastKnownFileType = sourcecode.swift; path = CursorApprovalMonitorTests.swift; sourceTree = "<group>"; };
		B10000030000000000000001 /* DesktopNumberTests.xctest */ = {isa = PBXFileReference; explicitFileType = wrapper.cfbundle; includeInIndex = 0; path = DesktopNumberTests.xctest; sourceTree = BUILT_PRODUCTS_DIR; };
/* End PBXFileReference section */

/* Begin PBXFrameworksBuildPhase section */
		A10000040000000000000001 /* Frameworks */ = {
			isa = PBXFrameworksBuildPhase;
			buildActionMask = 2147483647;
			files = (
				A10000010000000000000009 /* libsqlite3.tbd in Frameworks */,
			);
			runOnlyForDeploymentPostprocessing = 0;
		};
		B10000040000000000000002 /* Frameworks */ = {
			isa = PBXFrameworksBuildPhase;
			buildActionMask = 2147483647;
			files = (
			);
			runOnlyForDeploymentPostprocessing = 0;
		};
		D10000040000000000000002 /* Frameworks */ = {
			isa = PBXFrameworksBuildPhase;
			buildActionMask = 2147483647;
			files = (
			);
			runOnlyForDeploymentPostprocessing = 0;
		};
/* End PBXFrameworksBuildPhase section */

/* Begin PBXGroup section */
		A10000050000000000000001 = {
			isa = PBXGroup;
			children = (
				A10000050000000000000002 /* DesktopNumber */,
				G10000050000000000000003 /* CommuteFailsafe */,
				B10000050000000000000001 /* DesktopNumberTests */,
				A10000050000000000000003 /* Products */,
				A10000050000000000000004 /* Frameworks */,
			);
			sourceTree = "<group>";
		};
		A10000050000000000000002 /* DesktopNumber */ = {
			isa = PBXGroup;
			children = (
				A10000020000000000000001 /* DesktopNumberApp.swift */,
				H10000020000000000000001 /* MenuBarContentView.swift */,
				A10000020000000000000002 /* SpaceObserver.swift */,
				A10000020000000000000003 /* CGSPrivate.swift */,
				A10000020000000000000005 /* UsageModels.swift */,
				A10000020000000000000006 /* UsageFormatting.swift */,
				A10000020000000000000007 /* CursorAuthReader.swift */,
				A10000020000000000000008 /* CursorUsageClient.swift */,
				A10000020000000000000009 /* CursorUsageObserver.swift */,
				G10000050000000000000001 /* PowerManagement */,
				G10000050000000000000002 /* CommuteMode */,
				G10000050000000000000004 /* CursorNotify */,
				A10000020000000000000004 /* Info.plist */,
			);
			path = DesktopNumber;
			sourceTree = "<group>";
		};
		G10000050000000000000001 /* PowerManagement */ = {
			isa = PBXGroup;
			children = (
				C10000020000000000000001 /* CommandExecutor.swift */,
				C10000020000000000000002 /* PmsetParser.swift */,
				C10000020000000000000003 /* OfficePowerStatus.swift */,
				C10000020000000000000004 /* PowerStatusMonitor.swift */,
				C10000020000000000000005 /* PowerManagementClient.swift */,
			);
			path = PowerManagement;
			sourceTree = "<group>";
		};
		G10000050000000000000002 /* CommuteMode */ = {
			isa = PBXGroup;
			children = (
				C10000020000000000000006 /* CommuteModeLease.swift */,
				C10000020000000000000007 /* CommuteFailsafeRunner.swift */,
				C10000020000000000000008 /* CommuteModeController.swift */,
				C10000020000000000000009 /* CommuteFailsafePolicy.swift */,
				C10000020000000000000010 /* CommutePermissionInstaller.swift */,
			);
			path = CommuteMode;
			sourceTree = "<group>";
		};
		G10000050000000000000004 /* CursorNotify */ = {
			isa = PBXGroup;
			children = (
				E10000020000000000000001 /* CursorNotifySettings.swift */,
				E10000020000000000000003 /* CursorNotifyInstaller.swift */,
				E10000020000000000000005 /* CursorApprovalLogParser.swift */,
				E10000020000000000000006 /* CursorNtfyClient.swift */,
				E10000020000000000000007 /* CursorApprovalMonitor.swift */,
			);
			path = CursorNotify;
			sourceTree = "<group>";
		};
		G10000050000000000000003 /* CommuteFailsafe */ = {
			isa = PBXGroup;
			children = (
				D10000020000000000000001 /* CommuteFailsafe.swift */,
			);
			path = CommuteFailsafe;
			sourceTree = "<group>";
		};
		A10000050000000000000003 /* Products */ = {
			isa = PBXGroup;
			children = (
				A10000030000000000000001 /* DesktopNumber.app */,
				D10000030000000000000001 /* CommuteFailsafe */,
				B10000030000000000000001 /* DesktopNumberTests.xctest */,
			);
			name = Products;
			sourceTree = "<group>";
		};
		A10000050000000000000004 /* Frameworks */ = {
			isa = PBXGroup;
			children = (
				A1000002000000000000000A /* libsqlite3.tbd */,
			);
			name = Frameworks;
			sourceTree = "<group>";
		};
		B10000050000000000000001 /* DesktopNumberTests */ = {
			isa = PBXGroup;
			children = (
				B10000020000000000000001 /* UsageFormattingTests.swift */,
				B10000020000000000000002 /* CursorAuthReaderTests.swift */,
				B10000020000000000000003 /* CursorUsageParsingTests.swift */,
				B10000020000000000000004 /* PmsetParsingTests.swift */,
				B10000020000000000000005 /* CommuteFailsafePolicyTests.swift */,
				B10000020000000000000006 /* CommuteModeControllerTests.swift */,
				B10000020000000000000007 /* CommutePermissionInstallerTests.swift */,
				E10000020000000000000002 /* CursorNotifySettingsTests.swift */,
				E10000020000000000000004 /* CursorNotifyInstallerTests.swift */,
				E10000020000000000000008 /* CursorApprovalLogParserTests.swift */,
				E10000020000000000000009 /* CursorApprovalMonitorTests.swift */,
			);
			path = DesktopNumberTests;
			sourceTree = "<group>";
		};
/* End PBXGroup section */

/* Begin PBXNativeTarget section */
		A10000060000000000000001 /* DesktopNumber */ = {
			isa = PBXNativeTarget;
			buildConfigurationList = A10000090000000000000001 /* Build configuration list for PBXNativeTarget "DesktopNumber" */;
			buildPhases = (
				A10000070000000000000001 /* Sources */,
				A10000040000000000000001 /* Frameworks */,
				F10000090000000000000001 /* Copy Cursor Hooks */,
				F10000090000000000000002 /* Copy Commute Scripts */,
				F10000080000000000000001 /* Copy Files */,
			);
			buildRules = (
			);
			dependencies = (
				D10000050000000000000001 /* PBXTargetDependency */,
			);
			name = DesktopNumber;
			productName = DesktopNumber;
			productReference = A10000030000000000000001 /* DesktopNumber.app */;
			productType = "com.apple.product-type.application";
		};
		B10000060000000000000001 /* DesktopNumberTests */ = {
			isa = PBXNativeTarget;
			buildConfigurationList = B10000090000000000000001 /* Build configuration list for PBXNativeTarget "DesktopNumberTests" */;
			buildPhases = (
				B10000070000000000000001 /* Sources */,
				B10000040000000000000002 /* Frameworks */,
			);
			buildRules = (
			);
			dependencies = (
				B10000050000000000000002 /* PBXTargetDependency */,
			);
			name = DesktopNumberTests;
			productName = DesktopNumberTests;
			productReference = B10000030000000000000001 /* DesktopNumberTests.xctest */;
			productType = "com.apple.product-type.bundle.unit-test";
		};
		D10000060000000000000001 /* CommuteFailsafe */ = {
			isa = PBXNativeTarget;
			buildConfigurationList = D10000090000000000000001 /* Build configuration list for PBXNativeTarget "CommuteFailsafe" */;
			buildPhases = (
				D10000070000000000000001 /* Sources */,
				D10000040000000000000002 /* Frameworks */,
			);
			buildRules = (
			);
			dependencies = (
			);
			name = CommuteFailsafe;
			productName = CommuteFailsafe;
			productReference = D10000030000000000000001 /* CommuteFailsafe */;
			productType = "com.apple.product-type.tool";
		};
/* End PBXNativeTarget section */

/* Begin PBXProject section */
		A10000080000000000000001 /* Project object */ = {
			isa = PBXProject;
			attributes = {
				BuildIndependentTargetsInParallel = 1;
				LastSwiftUpdateCheck = 1500;
				LastUpgradeCheck = 1500;
			};
			buildConfigurationList = A10000090000000000000002 /* Build configuration list for PBXProject "DesktopNumber" */;
			compatibilityVersion = "Xcode 14.0";
			developmentRegion = en;
			hasScannedForEncodings = 0;
			knownRegions = (
				en,
				Base,
			);
			mainGroup = A10000050000000000000001;
			productRefGroup = A10000050000000000000003 /* Products */;
			projectDirPath = "";
			projectRoot = "";
			targets = (
				A10000060000000000000001 /* DesktopNumber */,
				D10000060000000000000001 /* CommuteFailsafe */,
				B10000060000000000000001 /* DesktopNumberTests */,
			);
		};
/* End PBXProject section */

/* Begin PBXSourcesBuildPhase section */
		A10000070000000000000001 /* Sources */ = {
			isa = PBXSourcesBuildPhase;
			buildActionMask = 2147483647;
			files = (
				A10000010000000000000001 /* DesktopNumberApp.swift in Sources */,
				H10000010000000000000001 /* MenuBarContentView.swift in Sources */,
				A10000010000000000000002 /* SpaceObserver.swift in Sources */,
				A10000010000000000000003 /* CGSPrivate.swift in Sources */,
				A10000010000000000000004 /* UsageModels.swift in Sources */,
				A10000010000000000000005 /* UsageFormatting.swift in Sources */,
				A10000010000000000000006 /* CursorAuthReader.swift in Sources */,
				A10000010000000000000007 /* CursorUsageClient.swift in Sources */,
				A10000010000000000000008 /* CursorUsageObserver.swift in Sources */,
				C10000010000000000000001 /* CommandExecutor.swift in Sources */,
				C10000010000000000000002 /* PmsetParser.swift in Sources */,
				C10000010000000000000003 /* OfficePowerStatus.swift in Sources */,
				C10000010000000000000004 /* PowerStatusMonitor.swift in Sources */,
				C10000010000000000000005 /* PowerManagementClient.swift in Sources */,
				C10000010000000000000006 /* CommuteModeLease.swift in Sources */,
				C10000010000000000000007 /* CommuteFailsafeRunner.swift in Sources */,
				C10000010000000000000008 /* CommuteModeController.swift in Sources */,
				C10000010000000000000009 /* CommuteFailsafePolicy.swift in Sources */,
				C10000010000000000000010 /* CommutePermissionInstaller.swift in Sources */,
				E10000010000000000000001 /* CursorNotifySettings.swift in Sources */,
				E10000010000000000000003 /* CursorNotifyInstaller.swift in Sources */,
				E10000010000000000000005 /* CursorApprovalLogParser.swift in Sources */,
				E10000010000000000000006 /* CursorNtfyClient.swift in Sources */,
				E10000010000000000000007 /* CursorApprovalMonitor.swift in Sources */,
			);
			runOnlyForDeploymentPostprocessing = 0;
		};
		B10000070000000000000001 /* Sources */ = {
			isa = PBXSourcesBuildPhase;
			buildActionMask = 2147483647;
			files = (
				B10000010000000000000001 /* UsageFormattingTests.swift in Sources */,
				B10000010000000000000002 /* CursorAuthReaderTests.swift in Sources */,
				B10000010000000000000003 /* CursorUsageParsingTests.swift in Sources */,
				B10000010000000000000004 /* PmsetParsingTests.swift in Sources */,
				B10000010000000000000005 /* CommuteFailsafePolicyTests.swift in Sources */,
				B10000010000000000000006 /* CommuteModeControllerTests.swift in Sources */,
				B10000010000000000000007 /* CommutePermissionInstallerTests.swift in Sources */,
				E10000010000000000000002 /* CursorNotifySettingsTests.swift in Sources */,
				E10000010000000000000004 /* CursorNotifyInstallerTests.swift in Sources */,
				E10000010000000000000008 /* CursorApprovalLogParserTests.swift in Sources */,
				E10000010000000000000009 /* CursorApprovalMonitorTests.swift in Sources */,
			);
			runOnlyForDeploymentPostprocessing = 0;
		};
		D10000070000000000000001 /* Sources */ = {
			isa = PBXSourcesBuildPhase;
			buildActionMask = 2147483647;
			files = (
				D10000010000000000000001 /* CommuteFailsafe.swift in Sources */,
				D10000010000000000000002 /* CommandExecutor.swift in Sources */,
				D10000010000000000000003 /* PmsetParser.swift in Sources */,
				D10000010000000000000004 /* OfficePowerStatus.swift in Sources */,
				D10000010000000000000005 /* PowerStatusMonitor.swift in Sources */,
				D10000010000000000000006 /* PowerManagementClient.swift in Sources */,
				D10000010000000000000007 /* CommuteModeLease.swift in Sources */,
				D10000010000000000000008 /* CommuteFailsafePolicy.swift in Sources */,
			);
			runOnlyForDeploymentPostprocessing = 0;
		};
/* End PBXSourcesBuildPhase section */

/* Begin PBXTargetDependency section */
		B10000050000000000000002 /* PBXTargetDependency */ = {
			isa = PBXTargetDependency;
			target = A10000060000000000000001 /* DesktopNumber */;
			targetProxy = B10000040000000000000001 /* PBXContainerItemProxy */;
		};
		D10000050000000000000001 /* PBXTargetDependency */ = {
			isa = PBXTargetDependency;
			target = D10000060000000000000001 /* CommuteFailsafe */;
			targetProxy = D10000040000000000000001 /* PBXContainerItemProxy */;
		};
/* End PBXTargetDependency section */

/* Begin XCBuildConfiguration section */
		A100000A0000000000000001 /* Debug */ = {
			isa = XCBuildConfiguration;
			buildSettings = {
				ALWAYS_SEARCH_USER_PATHS = NO;
				CLANG_ENABLE_MODULES = YES;
				COPY_PHASE_STRIP = NO;
				DEBUG_INFORMATION_FORMAT = dwarf;
				GCC_DYNAMIC_NO_PIC = NO;
				GCC_OPTIMIZATION_LEVEL = 0;
				MACOSX_DEPLOYMENT_TARGET = 13.0;
				ONLY_ACTIVE_ARCH = YES;
				SDKROOT = macosx;
				SWIFT_ACTIVE_COMPILATION_CONDITIONS = DEBUG;
				SWIFT_OPTIMIZATION_LEVEL = "-Onone";
			};
			name = Debug;
		};
		A100000A0000000000000002 /* Release */ = {
			isa = XCBuildConfiguration;
			buildSettings = {
				ALWAYS_SEARCH_USER_PATHS = NO;
				CLANG_ENABLE_MODULES = YES;
				COPY_PHASE_STRIP = NO;
				DEBUG_INFORMATION_FORMAT = "dwarf-with-dsym";
				MACOSX_DEPLOYMENT_TARGET = 13.0;
				SDKROOT = macosx;
				SWIFT_COMPILATION_MODE = wholemodule;
			};
			name = Release;
		};
		A100000A0000000000000003 /* Debug */ = {
			isa = XCBuildConfiguration;
			buildSettings = {
				CODE_SIGN_STYLE = Automatic;
				CURRENT_PROJECT_VERSION = 1;
				ENABLE_TESTABILITY = YES;
				GENERATE_INFOPLIST_FILE = NO;
				INFOPLIST_FILE = DesktopNumber/Info.plist;
				MARKETING_VERSION = 1.0;
				PRODUCT_BUNDLE_IDENTIFIER = com.desktopnumber.app;
				PRODUCT_NAME = "$(TARGET_NAME)";
				SWIFT_EMIT_LOC_STRINGS = YES;
				OTHER_LDFLAGS = (
					"-framework",
					IOKit,
				);
				SWIFT_VERSION = 5.0;
			};
			name = Debug;
		};
		A100000A0000000000000004 /* Release */ = {
			isa = XCBuildConfiguration;
			buildSettings = {
				CODE_SIGN_STYLE = Automatic;
				CURRENT_PROJECT_VERSION = 1;
				GENERATE_INFOPLIST_FILE = NO;
				INFOPLIST_FILE = DesktopNumber/Info.plist;
				MARKETING_VERSION = 1.0;
				PRODUCT_BUNDLE_IDENTIFIER = com.desktopnumber.app;
				PRODUCT_NAME = "$(TARGET_NAME)";
				SWIFT_EMIT_LOC_STRINGS = YES;
				OTHER_LDFLAGS = (
					"-framework",
					IOKit,
				);
				SWIFT_VERSION = 5.0;
			};
			name = Release;
		};
		B100000A0000000000000001 /* Debug */ = {
			isa = XCBuildConfiguration;
			buildSettings = {
				BUNDLE_LOADER = "$(TEST_HOST)";
				CODE_SIGN_STYLE = Automatic;
				CURRENT_PROJECT_VERSION = 1;
				GENERATE_INFOPLIST_FILE = YES;
				MACOSX_DEPLOYMENT_TARGET = 13.0;
				MARKETING_VERSION = 1.0;
				PRODUCT_BUNDLE_IDENTIFIER = com.desktopnumber.app.tests;
				PRODUCT_NAME = "$(TARGET_NAME)";
				SWIFT_EMIT_LOC_STRINGS = NO;
				SWIFT_VERSION = 5.0;
				TEST_HOST = "$(BUILT_PRODUCTS_DIR)/DesktopNumber.app/Contents/MacOS/DesktopNumber";
			};
			name = Debug;
		};
		B100000A0000000000000002 /* Release */ = {
			isa = XCBuildConfiguration;
			buildSettings = {
				BUNDLE_LOADER = "$(TEST_HOST)";
				CODE_SIGN_STYLE = Automatic;
				CURRENT_PROJECT_VERSION = 1;
				GENERATE_INFOPLIST_FILE = YES;
				MACOSX_DEPLOYMENT_TARGET = 13.0;
				MARKETING_VERSION = 1.0;
				PRODUCT_BUNDLE_IDENTIFIER = com.desktopnumber.app.tests;
				PRODUCT_NAME = "$(TARGET_NAME)";
				SWIFT_EMIT_LOC_STRINGS = NO;
				SWIFT_VERSION = 5.0;
				TEST_HOST = "$(BUILT_PRODUCTS_DIR)/DesktopNumber.app/Contents/MacOS/DesktopNumber";
			};
			name = Release;
		};
		D100000A0000000000000001 /* Debug */ = {
			isa = XCBuildConfiguration;
			buildSettings = {
				CODE_SIGN_STYLE = Automatic;
				CURRENT_PROJECT_VERSION = 1;
				GENERATE_INFOPLIST_FILE = YES;
				MACOSX_DEPLOYMENT_TARGET = 13.0;
				MARKETING_VERSION = 1.0;
				PRODUCT_BUNDLE_IDENTIFIER = com.desktopnumber.commute-failsafe;
				PRODUCT_NAME = "$(TARGET_NAME)";
				SKIP_INSTALL = YES;
				OTHER_LDFLAGS = (
					"-framework",
					IOKit,
				);
				SWIFT_VERSION = 5.0;
			};
			name = Debug;
		};
		D100000A0000000000000002 /* Release */ = {
			isa = XCBuildConfiguration;
			buildSettings = {
				CODE_SIGN_STYLE = Automatic;
				CURRENT_PROJECT_VERSION = 1;
				GENERATE_INFOPLIST_FILE = YES;
				MACOSX_DEPLOYMENT_TARGET = 13.0;
				MARKETING_VERSION = 1.0;
				PRODUCT_BUNDLE_IDENTIFIER = com.desktopnumber.commute-failsafe;
				PRODUCT_NAME = "$(TARGET_NAME)";
				SKIP_INSTALL = YES;
				OTHER_LDFLAGS = (
					"-framework",
					IOKit,
				);
				SWIFT_VERSION = 5.0;
			};
			name = Release;
		};
/* End XCBuildConfiguration section */

/* Begin XCConfigurationList section */
		A10000090000000000000001 /* Build configuration list for PBXNativeTarget "DesktopNumber" */ = {
			isa = XCConfigurationList;
			buildConfigurations = (
				A100000A0000000000000003 /* Debug */,
				A100000A0000000000000004 /* Release */,
			);
			defaultConfigurationIsVisible = 0;
			defaultConfigurationName = Release;
		};
		A10000090000000000000002 /* Build configuration list for PBXProject "DesktopNumber" */ = {
			isa = XCConfigurationList;
			buildConfigurations = (
				A100000A0000000000000001 /* Debug */,
				A100000A0000000000000002 /* Release */,
			);
			defaultConfigurationIsVisible = 0;
			defaultConfigurationName = Release;
		};
		B10000090000000000000001 /* Build configuration list for PBXNativeTarget "DesktopNumberTests" */ = {
			isa = XCConfigurationList;
			buildConfigurations = (
				B100000A0000000000000001 /* Debug */,
				B100000A0000000000000002 /* Release */,
			);
			defaultConfigurationIsVisible = 0;
			defaultConfigurationName = Release;
		};
		D10000090000000000000001 /* Build configuration list for PBXNativeTarget "CommuteFailsafe" */ = {
			isa = XCConfigurationList;
			buildConfigurations = (
				D100000A0000000000000001 /* Debug */,
				D100000A0000000000000002 /* Release */,
			);
			defaultConfigurationIsVisible = 0;
			defaultConfigurationName = Release;
		};
/* End XCConfigurationList section */
	};
	rootObject = A10000080000000000000001 /* Project object */;
}
